// !$*UTF8*$!
{
	archiveVersion = 1;
	classes = {
	};
	objectVersion = 56;
	objects = {

/* Begin PBXBuildFile section */
		0E1E565329C93A2A00404521 /* MapView.swift in Sources */ = {isa = PBXBuildFile; fileRef = 0E1E565229C93A2A00404521 /* MapView.swift */; };
		0E1E565529C93B8400404521 /* MapCoordinator.swift in Sources */ = {isa = PBXBuildFile; fileRef = 0E1E565429C93B8400404521 /* MapCoordinator.swift */; };
		0E1E565729C93D8900404521 /* LocationManager.swift in Sources */ = {isa = PBXBuildFile; fileRef = 0E1E565629C93D8900404521 /* LocationManager.swift */; };
		0E1E565A29C9472800404521 /* Landmark.swift in Sources */ = {isa = PBXBuildFile; fileRef = 0E1E565929C9472800404521 /* Landmark.swift */; };
		0E21295629CA9A5B00E717F9 /* PlaceListView.swift in Sources */ = {isa = PBXBuildFile; fileRef = 0E21295529CA9A5B00E717F9 /* PlaceListView.swift */; };
		0E68332E29C7F64F00668725 /* Sec23App.swift in Sources */ = {isa = PBXBuildFile; fileRef = 0E68332D29C7F64F00668725 /* Sec23App.swift */; };
		0E68333029C7F64F00668725 /* ContentView.swift in Sources */ = {isa = PBXBuildFile; fileRef = 0E68332F29C7F64F00668725 /* ContentView.swift */; };
		0E68333229C7F65100668725 /* Assets.xcassets in Resources */ = {isa = PBXBuildFile; fileRef = 0E68333129C7F65100668725 /* Assets.xcassets */; };
		0E68333529C7F65100668725 /* Preview Assets.xcassets in Resources */ = {isa = PBXBuildFile; fileRef = 0E68333429C7F65100668725 /* Preview Assets.xcassets */; };
/* End PBXBuildFile section */

/* Begin PBXFileReference section */
		0E1E565229C93A2A00404521 /* MapView.swift */ = {isa = PBXFileReference; lastKnownFileType = sourcecode.swift; path = MapView.swift; sourceTree = "<group>"; };
		0E1E565429C93B8400404521 /* MapCoordinator.swift */ = {isa = PBXFileReference; lastKnownFileType = sourcecode.swift; path = MapCoordinator.swift; sourceTree = "<group>"; };
		0E1E565629C93D8900404521 /* LocationManager.swift */ = {isa = PBXFileReference; lastKnownFileType = sourcecode.swift; path = LocationManager.swift; sourceTree = "<group>"; };
		0E1E565929C9472800404521 /* Landmark.swift */ = {isa = PBXFileReference; lastKnownFileType = sourcecode.swift; path = Landmark.swift; sourceTree = "<group>"; };
		0E21295529CA9A5B00E717F9 /* PlaceListView.swift */ = {isa = PBXFileReference; lastKnownFileType = sourcecode.swift; path = PlaceListView.swift; sourceTree = "<group>"; };
		0E68332A29C7F64F00668725 /* Sec23.app */ = {isa = PBXFileReference; explicitFileType = wrapper.application; includeInIndex = 0; path = Sec23.app; sourceTree = BUILT_PRODUCTS_DIR; };
		0E68332D29C7F64F00668725 /* Sec23App.swift */ = {isa = PBXFileReference; lastKnownFileType = sourcecode.swift; path = Sec23App.swift; sourceTree = "<group>"; };
		0E68332F29C7F64F00668725 /* ContentView.swift */ = {isa = PBXFileReference; lastKnownFileType = sourcecode.swift; path = ContentView.swift; sourceTree = "<group>"; };
		0E68333129C7F65100668725 /* Assets.xcassets */ = {isa = PBXFileReference; lastKnownFileType = folder.assetcatalog; path = Assets.xcassets; sourceTree = "<group>"; };
		0E68333429C7F65100668725 /* Preview Assets.xcassets */ = {isa = PBXFileReference; lastKnownFileType = folder.assetcatalog; path = "Preview Assets.xcassets"; sourceTree = "<group>"; };
/* End PBXFileReference section */

/* Begin PBXFrameworksBuildPhase section */
		0E68332729C7F64F00668725 /* Frameworks */ = {
			isa = PBXFrameworksBuildPhase;
			buildActionMask = 2147483647;
			files = (
			);
			runOnlyForDeploymentPostprocessing = 0;
		};
/* End PBXFrameworksBuildPhase section */

/* Begin PBXGroup section */
		0E21295729CA9A6800E717F9 /* models */ = {
			isa = PBXGroup;
			children = (
				0E1E565929C9472800404521 /* Landmark.swift */,
			);
			path = models;
			sourceTree = "<group>";
		};
		0E68332129C7F64F00668725 = {
			isa = PBXGroup;
			children = (
				0E68332C29C7F64F00668725 /* Sec23 */,
				0E68332B29C7F64F00668725 /* Products */,
			);
			sourceTree = "<group>";
		};
		0E68332B29C7F64F00668725 /* Products */ = {
			isa = PBXGroup;
			children = (
				0E68332A29C7F64F00668725 /* Sec23.app */,
			);
			name = Products;
			sourceTree = "<group>";
		};
		0E68332C29C7F64F00668725 /* Sec23 */ = {
			isa = PBXGroup;
			children = (
				0E21295729CA9A6800E717F9 /* models */,
				0E68332D29C7F64F00668725 /* Sec23App.swift */,
				0E1E565229C93A2A00404521 /* MapView.swift */,
				0E1E565429C93B8400404521 /* MapCoordinator.swift */,
				0E21295529CA9A5B00E717F9 /* PlaceListView.swift */,
				0E68332F29C7F64F00668725 /* ContentView.swift */,
				0E1E565629C93D8900404521 /* LocationManager.swift */,
				0E68333129C7F65100668725 /* Assets.xcassets */,
				0E68333329C7F65100668725 /* Preview Content */,
			);
			path = Sec23;
			sourceTree = "<group>";
		};
		0E68333329C7F65100668725 /* Preview Content */ = {
			isa = PBXGroup;
			children = (
				0E68333429C7F65100668725 /* Preview Assets.xcassets */,
			);
			path = "Preview Content";
			sourceTree = "<group>";
		};
/* End PBXGroup section */

/* Begin PBXNativeTarget section */
		0E68332929C7F64F00668725 /* Sec23 */ = {
			isa = PBXNativeTarget;
			buildConfigurationList = 0E68333829C7F65100668725 /* Build configuration list for PBXNativeTarget "Sec23" */;
			buildPhases = (
				0E68332629C7F64F00668725 /* Sources */,
				0E68332729C7F64F00668725 /* Frameworks */,
				0E68332829C7F64F00668725 /* Resources */,
			);
			buildRules = (
			);
			dependencies = (
			);
			name = Sec23;
			productName = Sec23;
			productReference = 0E68332A29C7F64F00668725 /* Sec23.app */;
			productType = "com.apple.product-type.application";
		};
/* End PBXNativeTarget section */

/* Begin PBXProject section */
		0E68332229C7F64F00668725 /* Project object */ = {
			isa = PBXProject;
			attributes = {
				BuildIndependentTargetsInParallel = 1;
				LastSwiftUpdateCheck = 1420;
				LastUpgradeCheck = 1420;
				TargetAttributes = {
					0E68332929C7F64F00668725 = {
						CreatedOnToolsVersion = 14.2;
					};
				};
			};
			buildConfigurationList = 0E68332529C7F64F00668725 /* Build configuration list for PBXProject "Sec23" */;
			compatibilityVersion = "Xcode 14.0";
			developmentRegion = en;
			hasScannedForEncodings = 0;
			knownRegions = (
				en,
				Base,
			);
			mainGroup = 0E68332129C7F64F00668725;
			productRefGroup = 0E68332B29C7F64F00668725 /* Products */;
			projectDirPath = "";
			projectRoot = "";
			targets = (
				0E68332929C7F64F00668725 /* Sec23 */,
			);
		};
/* End PBXProject section */

/* Begin PBXResourcesBuildPhase section */
		0E68332829C7F64F00668725 /* Resources */ = {
			isa = PBXResourcesBuildPhase;
			buildActionMask = 2147483647;
			files = (
				0E68333529C7F65100668725 /* Preview Assets.xcassets in Resources */,
				0E68333229C7F65100668725 /* Assets.xcassets in Resources */,
			);
			runOnlyForDeploymentPostprocessing = 0;
		};
/* End PBXResourcesBuildPhase section */

/* Begin PBXSourcesBuildPhase section */
		0E68332629C7F64F00668725 /* Sources */ = {
			isa = PBXSourcesBuildPhase;
			buildActionMask = 2147483647;
			files = (
				0E68333029C7F64F00668725 /* ContentView.swift in Sources */,
				0E1E565529C93B8400404521 /* MapCoordinator.swift in Sources */,
				0E1E565729C93D8900404521 /* LocationManager.swift in Sources */,
				0E1E565329C93A2A00404521 /* MapView.swift in Sources */,
				0E21295629CA9A5B00E717F9 /* PlaceListView.swift in Sources */,
				0E68332E29C7F64F00668725 /* Sec23App.swift in Sources */,
				0E1E565A29C9472800404521 /* Landmark.swift in Sources */,
			);
			runOnlyForDeploymentPostprocessing = 0;
		};
/* End PBXSourcesBuildPhase section */

/* Begin XCBuildConfiguration section */
		0E68333629C7F65100668725 /* Debug */ = {
			isa = XCBuildConfiguration;
			buildSettings = {
				ALWAYS_SEARCH_USER_PATHS = NO;
				CLANG_ANALYZER_NONNULL = YES;
				CLANG_ANALYZER_NUMBER_OBJECT_CONVERSION = YES_AGGRESSIVE;
				CLANG_CXX_LANGUAGE_STANDARD = "gnu++20";
				CLANG_ENABLE_MODULES = YES;
				CLANG_ENABLE_OBJC_ARC = YES;
				CLANG_ENABLE_OBJC_WEAK = YES;
				CLANG_WARN_BLOCK_CAPTURE_AUTORELEASING = YES;
				CLANG_WARN_BOOL_CONVERSION = YES;
				CLANG_WARN_COMMA = YES;
				CLANG_WARN_CONSTANT_CONVERSION = YES;
				CLANG_WARN_DEPRECATED_OBJC_IMPLEMENTATIONS = YES;
				CLANG_WARN_DIRECT_OBJC_ISA_USAGE = YES_ERROR;
				CLANG_WARN_DOCUMENTATION_COMMENTS = YES;
				CLANG_WARN_EMPTY_BODY = YES;
				CLANG_WARN_ENUM_CONVERSION = YES;
				CLANG_WARN_INFINITE_RECURSION = YES;
				CLANG_WARN_INT_CONVERSION = YES;
				CLANG_WARN_NON_LITERAL_NULL_CONVERSION = YES;
				CLANG_WARN_OBJC_IMPLICIT_RETAIN_SELF = YES;
				CLANG_WARN_OBJC_LITERAL_CONVERSION = YES;
				CLANG_WARN_OBJC_ROOT_CLASS = YES_ERROR;
				CLANG_WARN_QUOTED_INCLUDE_IN_FRAMEWORK_HEADER = YES;
				CLANG_WARN_RANGE_LOOP_ANALYSIS = YES;
				CLANG_WARN_STRICT_PROTOTYPES = YES;
				CLANG_WARN_SUSPICIOUS_MOVE = YES;
				CLANG_WARN_UNGUARDED_AVAILABILITY = YES_AGGRESSIVE;
				CLANG_WARN_UNREACHABLE_CODE = YES;
				CLANG_WARN__DUPLICATE_METHOD_MATCH = YES;
				COPY_PHASE_STRIP = NO;
				DEBUG_INFORMATION_FORMAT = dwarf;
				ENABLE_STRICT_OBJC_MSGSEND = YES;
				ENABLE_TESTABILITY = YES;
				GCC_C_LANGUAGE_STANDARD = gnu11;
				GCC_DYNAMIC_NO_PIC = NO;
				GCC_NO_COMMON_BLOCKS = YES;
				GCC_OPTIMIZATION_LEVEL = 0;
				GCC_PREPROCESSOR_DEFINITIONS = (
					"DEBUG=1",
					"$(inherited)",
				);
				GCC_WARN_64_TO_32_BIT_CONVERSION = YES;
				GCC_WARN_ABOUT_RETURN_TYPE = YES_ERROR;
				GCC_WARN_UNDECLARED_SELECTOR = YES;
				GCC_WARN_UNINITIALIZED_AUTOS = YES_AGGRESSIVE;
				GCC_WARN_UNUSED_FUNCTION = YES;
				GCC_WARN_UNUSED_VARIABLE = YES;
				IPHONEOS_DEPLOYMENT_TARGET = 16.2;
				MTL_ENABLE_DEBUG_INFO = INCLUDE_SOURCE;
				MTL_FAST_MATH = YES;
				ONLY_ACTIVE_ARCH = YES;
				SDKROOT = iphoneos;
				SWIFT_ACTIVE_COMPILATION_CONDITIONS = DEBUG;
				SWIFT_OPTIMIZATION_LEVEL = "-Onone";
			};
			name = Debug;
		};
		0E68333729C7F65100668725 /* Release */ = {
			isa = XCBuildConfiguration;
			buildSettings = {
				ALWAYS_SEARCH_USER_PATHS = NO;
				CLANG_ANALYZER_NONNULL = YES;
				CLANG_ANALYZER_NUMBER_OBJECT_CONVERSION = YES_AGGRESSIVE;
				CLANG_CXX_LANGUAGE_STANDARD = "gnu++20";
				CLANG_ENABLE_MODULES = YES;
				CLANG_ENABLE_OBJC_ARC = YES;
				CLANG_ENABLE_OBJC_WEAK = YES;
				CLANG_WARN_BLOCK_CAPTURE_AUTORELEASING = YES;
				CLANG_WARN_BOOL_CONVERSION = YES;
				CLANG_WARN_COMMA = YES;
				CLANG_WARN_CONSTANT_CONVERSION = YES;
				CLANG_WARN_DEPRECATED_OBJC_IMPLEMENTATIONS = YES;
				CLANG_WARN_DIRECT_OBJC_ISA_USAGE = YES_ERROR;
				CLANG_WARN_DOCUMENTATION_COMMENTS = YES;
				CLANG_WARN_EMPTY_BODY = YES;
				CLANG_WARN_ENUM_CONVERSION = YES;
				CLANG_WARN_INFINITE_RECURSION = YES;
				CLANG_WARN_INT_CONVERSION = YES;
				CLANG_WARN_NON_LITERAL_NULL_CONVERSION = YES;
				CLANG_WARN_OBJC_IMPLICIT_RETAIN_SELF = YES;
				CLANG_WARN_OBJC_LITERAL_CONVERSION = YES;
				CLANG_WARN_OBJC_ROOT_CLASS = YES_ERROR;
				CLANG_WARN_QUOTED_INCLUDE_IN_FRAMEWORK_HEADER = YES;
				CLANG_WARN_RANGE_LOOP_ANALYSIS = YES;
				CLANG_WARN_STRICT_PROTOTYPES = YES;
				CLANG_WARN_SUSPICIOUS_MOVE = YES;
				CLANG_WARN_UNGUARDED_AVAILABILITY = YES_AGGRESSIVE;
				CLANG_WARN_UNREACHABLE_CODE = YES;
				CLANG_WARN__DUPLICATE_METHOD_MATCH = YES;
				COPY_PHASE_STRIP = NO;
				DEBUG_INFORMATION_FORMAT = "dwarf-with-dsym";
				ENABLE_NS_ASSERTIONS = NO;
				ENABLE_STRICT_OBJC_MSGSEND = YES;
				GCC_C_LANGUAGE_STANDARD = gnu11;
				GCC_NO_COMMON_BLOCKS = YES;
				GCC_WARN_64_TO_32_BIT_CONVERSION = YES;
				GCC_WARN_ABOUT_RETURN_TYPE = YES_ERROR;
				GCC_WARN_UNDECLARED_SELECTOR = YES;
				GCC_WARN_UNINITIALIZED_AUTOS = YES_AGGRESSIVE;
				GCC_WARN_UNUSED_FUNCTION = YES;
				GCC_WARN_UNUSED_VARIABLE = YES;
				IPHONEOS_DEPLOYMENT_TARGET = 16.2;
				MTL_ENABLE_DEBUG_INFO = NO;
				MTL_FAST_MATH = YES;
				SDKROOT = iphoneos;
				SWIFT_COMPILATION_MODE = wholemodule;
				SWIFT_OPTIMIZATION_LEVEL = "-O";
				VALIDATE_PRODUCT = YES;
			};
			name = Release;
		};
		0E68333929C7F65100668725 /* Debug */ = {
			isa = XCBuildConfiguration;
			buildSettings = {
				ASSETCATALOG_COMPILER_APPICON_NAME = AppIcon;
				ASSETCATALOG_COMPILER_GLOBAL_ACCENT_COLOR_NAME = AccentColor;
				CODE_SIGN_STYLE = Automatic;
				CURRENT_PROJECT_VERSION = 1;
				DEVELOPMENT_ASSET_PATHS = "\"Sec23/Preview Content\"";
				DEVELOPMENT_TEAM = 3JMPZ77S52;
				ENABLE_PREVIEWS = YES;
				GENERATE_INFOPLIST_FILE = YES;
				INFOPLIST_FILE = Sec23/Info.plist;
				INFOPLIST_KEY_NSLocationAlwaysAndWhenInUseUsageDescription = "This is required to show current location";
				INFOPLIST_KEY_NSLocationWhenInUseUsageDescription = "This app requires permisison to show location";
				INFOPLIST_KEY_NSMotionUsageDescription = "This is required to calculate steps";
				INFOPLIST_KEY_UIApplicationSceneManifest_Generation = YES;
				INFOPLIST_KEY_UIApplicationSupportsIndirectInputEvents = YES;
				INFOPLIST_KEY_UILaunchScreen_Generation = YES;
				INFOPLIST_KEY_UISupportedInterfaceOrientations_iPad = "UIInterfaceOrientationPortrait UIInterfaceOrientationPortraitUpsideDown UIInterfaceOrientationLandscapeLeft UIInterfaceOrientationLandscapeRight";
				INFOPLIST_KEY_UISupportedInterfaceOrientations_iPhone = "UIInterfaceOrientationPortrait UIInterfaceOrientationLandscapeLeft UIInterfaceOrientationLandscapeRight";
				LD_RUNPATH_SEARCH_PATHS = (
					"$(inherited)",
					"@executable_path/Frameworks",
				);
				MARKETING_VERSION = 1.0;
				PRODUCT_BUNDLE_IDENTIFIER = com.nsl.Sec23;
				PRODUCT_NAME = "$(TARGET_NAME)";
				SWIFT_EMIT_LOC_STRINGS = YES;
				SWIFT_VERSION = 5.0;
				TARGETED_DEVICE_FAMILY = "1,2";
			};
			name = Debug;
		};
		0E68333A29C7F65100668725 /* Release */ = {
			isa = XCBuildConfiguration;
			buildSettings = {
				ASSETCATALOG_COMPILER_APPICON_NAME = AppIcon;
				ASSETCATALOG_COMPILER_GLOBAL_ACCENT_COLOR_NAME = AccentColor;
				CODE_SIGN_STYLE = Automatic;
				CURRENT_PROJECT_VERSION = 1;
				DEVELOPMENT_ASSET_PATHS = "\"Sec23/Preview Content\"";
				DEVELOPMENT_TEAM = 3JMPZ77S52;
				ENABLE_PREVIEWS = YES;
				GENERATE_INFOPLIST_FILE = YES;
				INFOPLIST_FILE = Sec23/Info.plist;
				INFOPLIST_KEY_NSLocationAlwaysAndWhenInUseUsageDescription = "This is required to show current location";
				INFOPLIST_KEY_NSLocationWhenInUseUsageDescription = "This app requires permisison to show location";
				INFOPLIST_KEY_NSMotionUsageDescription = "This is required to calculate steps";
				INFOPLIST_KEY_UIApplicationSceneManifest_Generation = YES;
				INFOPLIST_KEY_UIApplicationSupportsIndirectInputEvents = YES;
				INFOPLIST_KEY_UILaunchScreen_Generation = YES;
				INFOPLIST_KEY_UISupportedInterfaceOrientations_iPad = "UIInterfaceOrientationPortrait UIInterfaceOrientationPortraitUpsideDown UIInterfaceOrientationLandscapeLeft UIInterfaceOrientationLandscapeRight";
				INFOPLIST_KEY_UISupportedInterfaceOrientations_iPhone = "UIInterfaceOrientationPortrait UIInterfaceOrientationLandscapeLeft UIInterfaceOrientationLandscapeRight";
				LD_RUNPATH_SEARCH_PATHS = (
					"$(inherited)",
					"@executable_path/Frameworks",
				);
				MARKETING_VERSION = 1.0;
				PRODUCT_BUNDLE_IDENTIFIER = com.nsl.Sec23;
				PRODUCT_NAME = "$(TARGET_NAME)";
				SWIFT_EMIT_LOC_STRINGS = YES;
				SWIFT_VERSION = 5.0;
				TARGETED_DEVICE_FAMILY = "1,2";
			};
			name = Release;
		};
/* End XCBuildConfiguration section */

/* Begin XCConfigurationList section */
		0E68332529C7F64F00668725 /* Build configuration list for PBXProject "Sec23" */ = {
			isa = XCConfigurationList;
			buildConfigurations = (
				0E68333629C7F65100668725 /* Debug */,
				0E68333729C7F65100668725 /* Release */,
			);
			defaultConfigurationIsVisible = 0;
			defaultConfigurationName = Release;
		};
		0E68333829C7F65100668725 /* Build configuration list for PBXNativeTarget "Sec23" */ = {
			isa = XCConfigurationList;
			buildConfigurations = (
				0E68333929C7F65100668725 /* Debug */,
				0E68333A29C7F65100668725 /* Release */,
			);
			defaultConfigurationIsVisible = 0;
			defaultConfigurationName = Release;
		};
/* End XCConfigurationList section */
	};
	rootObject = 0E68332229C7F64F00668725 /* Project object */;
}
